PODS:
  - GRDBCipher (3.6.2):
    - SQLCipher (~> 3.4.1)
  - MDBRepository (0.1.6):
    - GRDBCipher
  - SQLCipher (3.4.2):
    - SQLCipher/standard (= 3.4.2)
  - SQLCipher/common (3.4.2)
  - SQLCipher/standard (3.4.2):
    - SQLCipher/common

DEPENDENCIES:
  - GRDBCipher
  - MDBRepository (from `../`)

SPEC REPOS:
  https://github.com/cocoapods/specs.git:
    - GRDBCipher
    - SQLCipher

EXTERNAL SOURCES:
  MDBRepository:
    :path: "../"

SPEC CHECKSUMS:
  GRDBCipher: caccb02f13acd7f745e595cf84a70be3e91fb5f3
  MDBRepository: 57925be01ad5b7b7ed46f85fda2ab1af06954456
  SQLCipher: f9fcf29b2e59ced7defc2a2bdd0ebe79b40d4990

PODFILE CHECKSUM: 7752e7bc4399ac67f6199d5cc7cc1e7fbd905ff5

COCOAPODS: 1.5.3
