PODS:
  - GRDB.swift (2.5.0)
  - MDBRepository (0.1.0)

DEPENDENCIES:
  - GRDB.swift
  - MDBRepository (from `../`)

EXTERNAL SOURCES:
  MDBRepository:
    :path: ../

SPEC CHECKSUMS:
  GRDB.swift: 4331c7b53f299aa1d150fc4e0afb6112df7e92ca
  MDBRepository: a6947b214faefba4c65842e14927a920efe2ea96

PODFILE CHECKSUM: 3f55800747d14a265e2342ae857831435d437ff0

COCOAPODS: 1.3.1
